
Microsoft Visual Studio Solution File, Format Version 12.00
# Visual Studio 2012
Project("{2150E333-8FDC-42A3-9474-1A3956D46DE8}") = ".nuget", ".nuget", "{08180E58-F2CC-4873-88EE-2852D0F79233}"
	ProjectSection(SolutionItems) = preProject
		.nuget\NuGet.Config = .nuget\NuGet.Config
		.nuget\NuGet.exe = .nuget\NuGet.exe
		.nuget\NuGet.targets = .nuget\NuGet.targets
		.nuget\packages.config = .nuget\packages.config
	EndProjectSection
EndProject
Project("{FAE04EC0-301F-11D3-BF4B-00C04F79EFBC}") = "unit.tests", "unit.tests\unit.tests.csproj", "{BD34CCA9-5023-4575-855C-DC29FD6159AA}"
EndProject
Project("{FAE04EC0-301F-11D3-BF4B-00C04F79EFBC}") = "test", "test\test.csproj", "{A846318A-5DDC-4846-9265-4A3429D3FB51}"
EndProject
Global
	GlobalSection(SolutionConfigurationPlatforms) = preSolution
		Debug|Any CPU = Debug|Any CPU
		Release|Any CPU = Release|Any CPU
	EndGlobalSection
	GlobalSection(ProjectConfigurationPlatforms) = postSolution
		{BD34CCA9-5023-4575-855C-DC29FD6159AA}.Debug|Any CPU.ActiveCfg = Debug|Any CPU
		{BD34CCA9-5023-4575-855C-DC29FD6159AA}.Debug|Any CPU.Build.0 = Debug|Any CPU
		{BD34CCA9-5023-4575-855C-DC29FD6159AA}.Release|Any CPU.ActiveCfg = Release|Any CPU
		{BD34CCA9-5023-4575-855C-DC29FD6159AA}.Release|Any CPU.Build.0 = Release|Any CPU
		{A846318A-5DDC-4846-9265-4A3429D3FB51}.Debug|Any CPU.ActiveCfg = Debug|Any CPU
		{A846318A-5DDC-4846-9265-4A3429D3FB51}.Debug|Any CPU.Build.0 = Debug|Any CPU
		{A846318A-5DDC-4846-9265-4A3429D3FB51}.Release|Any CPU.ActiveCfg = Release|Any CPU
		{A846318A-5DDC-4846-9265-4A3429D3FB51}.Release|Any CPU.Build.0 = Release|Any CPU
	EndGlobalSection
	GlobalSection(SolutionProperties) = preSolution
		HideSolutionNode = FALSE
	EndGlobalSection
EndGlobal
